
Microsoft Visual Studio Solution File, Format Version 12.00
# Visual Studio Version 16
VisualStudioVersion = 16.0.29519.181
MinimumVisualStudioVersion = 10.0.40219.1
Project("{9A19103F-16F7-4668-BE54-9A1E7A4F7556}") = "EmployeeManagement", "EmployeeManagement.csproj", "{F5981758-F3F0-4EED-8070-357934BBBB60}"
EndProject
Global
	GlobalSection(SolutionConfigurationPlatforms) = preSolution
		Debug|Any CPU = Debug|Any CPU
		Release|Any CPU = Release|Any CPU
	EndGlobalSection
	GlobalSection(ProjectConfigurationPlatforms) = postSolution
		{F5981758-F3F0-4EED-8070-357934BBBB60}.Debug|Any CPU.ActiveCfg = Debug|Any CPU
		{F5981758-F3F0-4EED-8070-357934BBBB60}.Debug|Any CPU.Build.0 = Debug|Any CPU
		{F5981758-F3F0-4EED-8070-357934BBBB60}.Release|Any CPU.ActiveCfg = Release|Any CPU
		{F5981758-F3F0-4EED-8070-357934BBBB60}.Release|Any CPU.Build.0 = Release|Any CPU
	EndGlobalSection
	GlobalSection(SolutionProperties) = preSolution
		HideSolutionNode = FALSE
	EndGlobalSection
	GlobalSection(ExtensibilityGlobals) = postSolution
		SolutionGuid = {96778E91-F855-47A9-A1B5-62025D9F58AF}
	EndGlobalSection
EndGlobal
